
Microsoft Visual Studio Solution File, Format Version 12.00
# Visual Studio Version 17
VisualStudioVersion = 17.11.35312.102
MinimumVisualStudioVersion = 10.0.40219.1
Project("{8BC9CEB8-8B4A-11D0-8D11-00A0C91BC942}") = "777", "777\777.vcxproj", "{E393C8A6-8DE8-4169-8461-C6A3DD015D56}"
EndProject
Global
	GlobalSection(SolutionConfigurationPlatforms) = preSolution
		Debug|x64 = Debug|x64
		Debug|x86 = Debug|x86
		Release|x64 = Release|x64
		Release|x86 = Release|x86
	EndGlobalSection
	GlobalSection(ProjectConfigurationPlatforms) = postSolution
		{E393C8A6-8DE8-4169-8461-C6A3DD015D56}.Debug|x64.ActiveCfg = Debug|x64
		{E393C8A6-8DE8-4169-8461-C6A3DD015D56}.Debug|x64.Build.0 = Debug|x64
		{E393C8A6-8DE8-4169-8461-C6A3DD015D56}.Debug|x86.ActiveCfg = Debug|Win32
		{E393C8A6-8DE8-4169-8461-C6A3DD015D56}.Debug|x86.Build.0 = Debug|Win32
		{E393C8A6-8DE8-4169-8461-C6A3DD015D56}.Release|x64.ActiveCfg = Release|x64
		{E393C8A6-8DE8-4169-8461-C6A3DD015D56}.Release|x64.Build.0 = Release|x64
		{E393C8A6-8DE8-4169-8461-C6A3DD015D56}.Release|x86.ActiveCfg = Release|Win32
		{E393C8A6-8DE8-4169-8461-C6A3DD015D56}.Release|x86.Build.0 = Release|Win32
	EndGlobalSection
	GlobalSection(SolutionProperties) = preSolution
		HideSolutionNode = FALSE
	EndGlobalSection
	GlobalSection(ExtensibilityGlobals) = postSolution
		SolutionGuid = {E67BE000-6405-423D-B5FF-A0DAF49F0280}
	EndGlobalSection
EndGlobal
